<?xml version="1.0" encoding="utf-8"?>
<Project ToolsVersion="4.0" xmlns="http://schemas.microsoft.com/developer/msbuild/2003">
  <ItemGroup>
    <Filter Include="Исходные файлы">
      <UniqueIdentifier>{4FC737F1-C7A5-4376-A066-2A32D752A2FF}</UniqueIdentifier>
      <Extensions>cpp;c;cc;cxx;c++;cppm;ixx;def;odl;idl;hpj;bat;asm;asmx</Extensions>
    </Filter>
    <Filter Include="Файлы заголовков">
      <UniqueIdentifier>{93995380-89BD-4b04-88EB-625FBE52EBFB}</UniqueIdentifier>
      <Extensions>h;hh;hpp;hxx;h++;hm;inl;inc;ipp;xsd</Extensions>
    </Filter>
    <Filter Include="Файлы заголовков\Satellite">
      <UniqueIdentifier>{6b5c7c61-e5e6-452e-bbc7-6be53946e14e}</UniqueIdentifier>
    </Filter>
    <Filter Include="Исходные файлы\Satellite">
      <UniqueIdentifier>{b4af8c7e-c4d3-4cd9-a596-e13f549cd8c6}</UniqueIdentifier>
    </Filter>
    <Filter Include="Файлы заголовков\Lab4">
      <UniqueIdentifier>{34de0e1c-59ad-4531-b89e-d668f1f2be5a}</UniqueIdentifier>
    </Filter>
    <Filter Include="Исходные файлы\Lab4">
      <UniqueIdentifier>{c20d55d8-5499-48bf-8192-76a2e5e5beb5}</UniqueIdentifier>
    </Filter>
    <Filter Include="Файлы заголовков\Sensor">
      <UniqueIdentifier>{aeb246de-d796-4df7-b8fd-9ae8a6a18beb}</UniqueIdentifier>
    </Filter>
    <Filter Include="Исходные файлы\Sensor">
      <UniqueIdentifier>{69222240-4a10-4e39-ac77-5db7b184dd70}</UniqueIdentifier>
    </Filter>
    <Filter Include="Файлы заголовков\GidroStation">
      <UniqueIdentifier>{0eca1302-9ea9-40c7-981f-46669aa1c3e5}</UniqueIdentifier>
    </Filter>
    <Filter Include="Исходные файлы\GidroStation">
      <UniqueIdentifier>{db21c24d-39a7-42f9-985c-53a4e29b632f}</UniqueIdentifier>
    </Filter>
    <Filter Include="Файлы заголовков\Data">
      <UniqueIdentifier>{4ebd564a-839d-45c2-b7f1-e1f7109b16ed}</UniqueIdentifier>
    </Filter>
    <Filter Include="Исходные файлы\Data">
      <UniqueIdentifier>{b1336c39-62b3-4c35-b79d-95ae636db4e7}</UniqueIdentifier>
    </Filter>
    <Filter Include="Файлы ресурсов">
      <UniqueIdentifier>{67DA6AB6-F800-4c08-8B7A-83BB121AAD01}</UniqueIdentifier>
      <Extensions>rc;ico;cur;bmp;dlg;rc2;rct;bin;rgs;gif;jpg;jpeg;jpe;resx;tiff;tif;png;wav;mfcribbon-ms</Extensions>
    </Filter>
    <Filter Include="Исходные файлы\Singleton">
      <UniqueIdentifier>{8e11e6f8-bfd3-4afc-8be8-31503f4a8bc3}</UniqueIdentifier>
    </Filter>
    <Filter Include="Файлы заголовков\Singleton">
      <UniqueIdentifier>{f2a334d0-3272-4e58-acdd-43208776077c}</UniqueIdentifier>
    </Filter>
    <Filter Include="Исходные файлы\FactoryMethod">
      <UniqueIdentifier>{43d86238-9ef1-42be-b7ae-1dbab3991f88}</UniqueIdentifier>
    </Filter>
    <Filter Include="Файлы заголовков\FactoryMethod">
      <UniqueIdentifier>{6d5585ac-6ae5-4bbc-a02b-6c285c076c9c}</UniqueIdentifier>
    </Filter>
    <Filter Include="Файлы заголовков\AbstractFactory">
      <UniqueIdentifier>{8cdd23e4-52d2-4256-9934-4d22c6e5c2eb}</UniqueIdentifier>
    </Filter>
    <Filter Include="Исходные файлы\AbstractFactory">
      <UniqueIdentifier>{09f408b4-e846-41a6-9a57-205fe57cc33e}</UniqueIdentifier>
    </Filter>
  </ItemGroup>
  <ItemGroup>
    <ClCompile Include="GeoSatellite.cpp">
      <Filter>Исходные файлы\Satellite</Filter>
    </ClCompile>
    <ClCompile Include="SatelliteAdapter.cpp">
      <Filter>Исходные файлы\Satellite</Filter>
    </ClCompile>
    <ClCompile Include="RetranslatorSatellite.cpp">
      <Filter>Исходные файлы\Satellite</Filter>
    </ClCompile>
    <ClCompile Include="Antenna.cpp">
      <Filter>Исходные файлы\Lab4</Filter>
    </ClCompile>
    <ClCompile Include="DataTransmitter.cpp">
      <Filter>Исходные файлы\Lab4</Filter>
    </ClCompile>
    <ClCompile Include="TransmitByAir.cpp">
      <Filter>Исходные файлы\Lab4</Filter>
    </ClCompile>
    <ClCompile Include="TransmitByWire.cpp">
      <Filter>Исходные файлы\Lab4</Filter>
    </ClCompile>
    <ClCompile Include="Wire.cpp">
      <Filter>Исходные файлы\Lab4</Filter>
    </ClCompile>
    <ClCompile Include="Prognos.cpp">
      <Filter>Исходные файлы</Filter>
    </ClCompile>
    <ClCompile Include="Sensor.cpp">
      <Filter>Исходные файлы\Sensor</Filter>
    </ClCompile>
    <ClCompile Include="MeterWaterTemperature.cpp">
      <Filter>Исходные файлы\Sensor</Filter>
    </ClCompile>
    <ClCompile Include="MeterWaterLevel.cpp">
      <Filter>Исходные файлы\Sensor</Filter>
    </ClCompile>
    <ClCompile Include="MeterWaterSpeed.cpp">
      <Filter>Исходные файлы\Sensor</Filter>
    </ClCompile>
    <ClCompile Include="MultiSensor.cpp">
      <Filter>Исходные файлы\Sensor</Filter>
    </ClCompile>
    <ClCompile Include="FormatDecorator.cpp">
      <Filter>Исходные файлы\Sensor</Filter>
    </ClCompile>
    <ClCompile Include="SensorsIterator.cpp">
      <Filter>Исходные файлы\Sensor</Filter>
    </ClCompile>
    <ClCompile Include="GidroStation.cpp">
      <Filter>Исходные файлы\GidroStation</Filter>
    </ClCompile>
    <ClCompile Include="ProxyGidroStation.cpp">
      <Filter>Исходные файлы\GidroStation</Filter>
    </ClCompile>
    <ClCompile Include="Sensors.cpp">
      <Filter>Исходные файлы\Sensor</Filter>
    </ClCompile>
    <ClCompile Include="Data.cpp">
      <Filter>Исходные файлы\Data</Filter>
    </ClCompile>
    <ClCompile Include="DataStation.cpp">
      <Filter>Исходные файлы\Singleton</Filter>
    </ClCompile>
    <ClCompile Include="FMGidroStation.cpp">
      <Filter>Исходные файлы\FactoryMethod</Filter>
    </ClCompile>
    <ClCompile Include="GroundStation.cpp">
      <Filter>Исходные файлы\FactoryMethod</Filter>
    </ClCompile>
    <ClCompile Include="GidroStationCreator.cpp">
      <Filter>Исходные файлы\FactoryMethod</Filter>
    </ClCompile>
    <ClCompile Include="GroundStationCreator.cpp">
      <Filter>Исходные файлы\FactoryMethod</Filter>
    </ClCompile>
    <ClCompile Include="SlowWSSensor.cpp">
      <Filter>Исходные файлы\AbstractFactory</Filter>
    </ClCompile>
    <ClCompile Include="FastWSSensor.cpp">
      <Filter>Исходные файлы\AbstractFactory</Filter>
    </ClCompile>
    <ClCompile Include="SlowWLSensor.cpp">
      <Filter>Исходные файлы\AbstractFactory</Filter>
    </ClCompile>
    <ClCompile Include="FastWLSensor.cpp">
      <Filter>Исходные файлы\AbstractFactory</Filter>
    </ClCompile>
    <ClCompile Include="SlowSensorFactory.cpp">
      <Filter>Исходные файлы\AbstractFactory</Filter>
    </ClCompile>
    <ClCompile Include="FastSensorFactory.cpp">
      <Filter>Исходные файлы\AbstractFactory</Filter>
    </ClCompile>
  </ItemGroup>
  <ItemGroup>
    <ClInclude Include="ISatellite.h">
      <Filter>Файлы заголовков\Satellite</Filter>
    </ClInclude>
    <ClInclude Include="GeoSatellite.h">
      <Filter>Файлы заголовков\Satellite</Filter>
    </ClInclude>
    <ClInclude Include="SatelliteAdapter.h">
      <Filter>Файлы заголовков\Satellite</Filter>
    </ClInclude>
    <ClInclude Include="RetranslatorSatellite.h">
      <Filter>Файлы заголовков\Satellite</Filter>
    </ClInclude>
    <ClInclude Include="Antenna.h">
      <Filter>Файлы заголовков\Lab4</Filter>
    </ClInclude>
    <ClInclude Include="DataTransmitter.h">
      <Filter>Файлы заголовков\Lab4</Filter>
    </ClInclude>
    <ClInclude Include="ITransmitAction.h">
      <Filter>Файлы заголовков\Lab4</Filter>
    </ClInclude>
    <ClInclude Include="TransmitByAir.h">
      <Filter>Файлы заголовков\Lab4</Filter>
    </ClInclude>
    <ClInclude Include="TransmitByWire.h">
      <Filter>Файлы заголовков\Lab4</Filter>
    </ClInclude>
    <ClInclude Include="Wire.h">
      <Filter>Файлы заголовков\Lab4</Filter>
    </ClInclude>
    <ClInclude Include="Sensor.h">
      <Filter>Файлы заголовков\Sensor</Filter>
    </ClInclude>
    <ClInclude Include="MeterWaterTemperature.h">
      <Filter>Файлы заголовков\Sensor</Filter>
    </ClInclude>
    <ClInclude Include="MeterWaterLevel.h">
      <Filter>Файлы заголовков\Sensor</Filter>
    </ClInclude>
    <ClInclude Include="MeterWaterSpeed.h">
      <Filter>Файлы заголовков\Sensor</Filter>
    </ClInclude>
    <ClInclude Include="IMeterAction.h">
      <Filter>Файлы заголовков\Sensor</Filter>
    </ClInclude>
    <ClInclude Include="ISensor.h">
      <Filter>Файлы заголовков\Sensor</Filter>
    </ClInclude>
    <ClInclude Include="MultiSensor.h">
      <Filter>Файлы заголовков\Sensor</Filter>
    </ClInclude>
    <ClInclude Include="SensorDecorator.h">
      <Filter>Файлы заголовков\Sensor</Filter>
    </ClInclude>
    <ClInclude Include="FormatDecorator.h">
      <Filter>Файлы заголовков\Sensor</Filter>
    </ClInclude>
    <ClInclude Include="IList.h">
      <Filter>Файлы заголовков\Sensor</Filter>
    </ClInclude>
    <ClInclude Include="IIterator.h">
      <Filter>Файлы заголовков\Sensor</Filter>
    </ClInclude>
    <ClInclude Include="Sensors.h">
      <Filter>Файлы заголовков\Sensor</Filter>
    </ClInclude>
    <ClInclude Include="SensorsIterator.h">
      <Filter>Файлы заголовков\Sensor</Filter>
    </ClInclude>
    <ClInclude Include="ProxyGidroStation.h">
      <Filter>Файлы заголовков\GidroStation</Filter>
    </ClInclude>
    <ClInclude Include="IGidroStation.h">
      <Filter>Файлы заголовков\GidroStation</Filter>
    </ClInclude>
    <ClInclude Include="GidroStation.h">
      <Filter>Файлы заголовков\GidroStation</Filter>
    </ClInclude>
    <ClInclude Include="Data.h">
      <Filter>Файлы заголовков\Data</Filter>
    </ClInclude>
    <ClInclude Include="DataStation.h">
      <Filter>Файлы заголовков\Singleton</Filter>
    </ClInclude>
    <ClInclude Include="IStation.h">
      <Filter>Файлы заголовков\FactoryMethod</Filter>
    </ClInclude>
    <ClInclude Include="FMGidroStation.h">
      <Filter>Файлы заголовков\FactoryMethod</Filter>
    </ClInclude>
    <ClInclude Include="GroundStation.h">
      <Filter>Файлы заголовков\FactoryMethod</Filter>
    </ClInclude>
    <ClInclude Include="StationCreator.h">
      <Filter>Файлы заголовков\FactoryMethod</Filter>
    </ClInclude>
    <ClInclude Include="GidroStationCreator.h">
      <Filter>Файлы заголовков\FactoryMethod</Filter>
    </ClInclude>
    <ClInclude Include="GroundStationCreator.h">
      <Filter>Файлы заголовков\FactoryMethod</Filter>
    </ClInclude>
    <ClInclude Include="ISensorFactory.h">
      <Filter>Файлы заголовков\AbstractFactory</Filter>
    </ClInclude>
    <ClInclude Include="WLSensor.h">
      <Filter>Файлы заголовков\AbstractFactory</Filter>
    </ClInclude>
    <ClInclude Include="WSSensor.h">
      <Filter>Файлы заголовков\AbstractFactory</Filter>
    </ClInclude>
    <ClInclude Include="SlowWSSensor.h">
      <Filter>Файлы заголовков\AbstractFactory</Filter>
    </ClInclude>
    <ClInclude Include="FastWSSensor.h">
      <Filter>Файлы заголовков\AbstractFactory</Filter>
    </ClInclude>
    <ClInclude Include="FastWLSensor.h">
      <Filter>Файлы заголовков\AbstractFactory</Filter>
    </ClInclude>
    <ClInclude Include="SlowWLSensor.h">
      <Filter>Файлы заголовков\AbstractFactory</Filter>
    </ClInclude>
    <ClInclude Include="SlowSensorFactory.h">
      <Filter>Файлы заголовков\AbstractFactory</Filter>
    </ClInclude>
    <ClInclude Include="FastSensorFactory.h">
      <Filter>Файлы заголовков\AbstractFactory</Filter>
    </ClInclude>
  </ItemGroup>
</Project>